{
  "name": "geodjango",
  "version": "1.0.0",
  "lockfileVersion": 1,
  "requires": true,
  "dependencies": {
    "leaflet": {
      "version": "1.7.1",
      "resolved": "https://registry.npmjs.org/leaflet/-/leaflet-1.7.1.tgz",
      "integrity": "sha512-/xwPEBidtg69Q3HlqPdU3DnrXQOvQU/CCHA1tcDQVzOwm91YMYaILjNp7L4Eaw5Z4sOYdbBz6koWyibppd8Zqw=="
    },
    "leaflet-temporal-geojson": {
      "version": "0.4.0",
      "resolved": "https://registry.npmjs.org/leaflet-temporal-geojson/-/leaflet-temporal-geojson-0.4.0.tgz",
      "integrity": "sha512-RwuzrjIILUDQG7+kxDC7B80J9TKDlZYLxabp8o3gA6bKEXyxWt+wuX6HmUA2wI8CV17PluRuAnie/yupo1AlnA=="
    }
  }
}
